// !$*UTF8*$!
{
	archiveVersion = 1;
	classes = {
	};
	objectVersion = 46;
	objects = {

/* Begin PBXBuildFile section */
		B48F0C0D1D5AAE1300A4D13F /* main.m in Sources */ = {isa = PBXBuildFile; fileRef = B48F0C0C1D5AAE1300A4D13F /* main.m */; };
		B48F0C101D5AAE1300A4D13F /* AppDelegate.m in Sources */ = {isa = PBXBuildFile; fileRef = B48F0C0F1D5AAE1300A4D13F /* AppDelegate.m */; };
		B48F0C131D5AAE1300A4D13F /* ViewController.m in Sources */ = {isa = PBXBuildFile; fileRef = B48F0C121D5AAE1300A4D13F /* ViewController.m */; };
		B48F0C161D5AAE1300A4D13F /* Main.storyboard in Resources */ = {isa = PBXBuildFile; fileRef = B48F0C141D5AAE1300A4D13F /* Main.storyboard */; };
		B48F0C181D5AAE1300A4D13F /* Assets.xcassets in Resources */ = {isa = PBXBuildFile; fileRef = B48F0C171D5AAE1300A4D13F /* Assets.xcassets */; };
		B48F0C1B1D5AAE1300A4D13F /* LaunchScreen.storyboard in Resources */ = {isa = PBXBuildFile; fileRef = B48F0C191D5AAE1300A4D13F /* LaunchScreen.storyboard */; };
		B48F0C241D5AAE3A00A4D13F /* 1.jpg in Resources */ = {isa = PBXBuildFile; fileRef = B48F0C221D5AAE3A00A4D13F /* 1.jpg */; };
		B48F0C251D5AAE3A00A4D13F /* 2.png in Resources */ = {isa = PBXBuildFile; fileRef = B48F0C231D5AAE3A00A4D13F /* 2.png */; };
/* End PBXBuildFile section */

/* Begin PBXFileReference section */
		B48F0C081D5AAE1300A4D13F /* xf-snowflake.app */ = {isa = PBXFileReference; explicitFileType = wrapper.application; includeInIndex = 0; path = "xf-snowflake.app"; sourceTree = BUILT_PRODUCTS_DIR; };
		B48F0C0C1D5AAE1300A4D13F /* main.m */ = {isa = PBXFileReference; lastKnownFileType = sourcecode.c.objc; path = main.m; sourceTree = "<group>"; };
		B48F0C0E1D5AAE1300A4D13F /* AppDelegate.h */ = {isa = PBXFileReference; lastKnownFileType = sourcecode.c.h; path = AppDelegate.h; sourceTree = "<group>"; };
		B48F0C0F1D5AAE1300A4D13F /* AppDelegate.m */ = {isa = PBXFileReference; lastKnownFileType = sourcecode.c.objc; path = AppDelegate.m; sourceTree = "<group>"; };
		B48F0C111D5AAE1300A4D13F /* ViewController.h */ = {isa = PBXFileReference; lastKnownFileType = sourcecode.c.h; path = ViewController.h; sourceTree = "<group>"; };
		B48F0C121D5AAE1300A4D13F /* ViewController.m */ = {isa = PBXFileReference; lastKnownFileType = sourcecode.c.objc; path = ViewController.m; sourceTree = "<group>"; };
		B48F0C151D5AAE1300A4D13F /* Base */ = {isa = PBXFileReference; lastKnownFileType = file.storyboard; name = Base; path = Base.lproj/Main.storyboard; sourceTree = "<group>"; };
		B48F0C171D5AAE1300A4D13F /* Assets.xcassets */ = {isa = PBXFileReference; lastKnownFileType = folder.assetcatalog; path = Assets.xcassets; sourceTree = "<group>"; };
		B48F0C1A1D5AAE1300A4D13F /* Base */ = {isa = PBXFileReference; lastKnownFileType = file.storyboard; name = Base; path = Base.lproj/LaunchScreen.storyboard; sourceTree = "<group>"; };
		B48F0C1C1D5AAE1300A4D13F /* Info.plist */ = {isa = PBXFileReference; lastKnownFileType = text.plist.xml; path = Info.plist; sourceTree = "<group>"; };
		B48F0C221D5AAE3A00A4D13F /* 1.jpg */ = {isa = PBXFileReference; lastKnownFileType = image.jpeg; path = 1.jpg; sourceTree = "<group>"; };
		B48F0C231D5AAE3A00A4D13F /* 2.png */ = {isa = PBXFileReference; lastKnownFileType = image.png; path = 2.png; sourceTree = "<group>"; };
/* End PBXFileReference section */

/* Begin PBXFrameworksBuildPhase section */
		B48F0C051D5AAE1300A4D13F /* Frameworks */ = {
			isa = PBXFrameworksBuildPhase;
			buildActionMask = 2147483647;
			files = (
			);
			runOnlyForDeploymentPostprocessing = 0;
		};
/* End PBXFrameworksBuildPhase section */

/* Begin PBXGroup section */
		B48F0BFF1D5AAE1200A4D13F = {
			isa = PBXGroup;
			children = (
				B48F0C0A1D5AAE1300A4D13F /* xf-snowflake */,
				B48F0C091D5AAE1300A4D13F /* Products */,
			);
			sourceTree = "<group>";
		};
		B48F0C091D5AAE1300A4D13F /* Products */ = {
			isa = PBXGroup;
			children = (
				B48F0C081D5AAE1300A4D13F /* xf-snowflake.app */,
			);
			name = Products;
			sourceTree = "<group>";
		};
		B48F0C0A1D5AAE1300A4D13F /* xf-snowflake */ = {
			isa = PBXGroup;
			children = (
				B48F0C221D5AAE3A00A4D13F /* 1.jpg */,
				B48F0C231D5AAE3A00A4D13F /* 2.png */,
				B48F0C0E1D5AAE1300A4D13F /* AppDelegate.h */,
				B48F0C0F1D5AAE1300A4D13F /* AppDelegate.m */,
				B48F0C111D5AAE1300A4D13F /* ViewController.h */,
				B48F0C121D5AAE1300A4D13F /* ViewController.m */,
				B48F0C141D5AAE1300A4D13F /* Main.storyboard */,
				B48F0C171D5AAE1300A4D13F /* Assets.xcassets */,
				B48F0C191D5AAE1300A4D13F /* LaunchScreen.storyboard */,
				B48F0C1C1D5AAE1300A4D13F /* Info.plist */,
				B48F0C0B1D5AAE1300A4D13F /* Supporting Files */,
			);
			path = "xf-snowflake";
			sourceTree = "<group>";
		};
		B48F0C0B1D5AAE1300A4D13F /* Supporting Files */ = {
			isa = PBXGroup;
			children = (
				B48F0C0C1D5AAE1300A4D13F /* main.m */,
			);
			name = "Supporting Files";
			sourceTree = "<group>";
		};
/* End PBXGroup section */

/* Begin PBXNativeTarget section */
		B48F0C071D5AAE1300A4D13F /* xf-snowflake */ = {
			isa = PBXNativeTarget;
			buildConfigurationList = B48F0C1F1D5AAE1300A4D13F /* Build configuration list for PBXNativeTarget "xf-snowflake" */;
			buildPhases = (
				B48F0C041D5AAE1300A4D13F /* Sources */,
				B48F0C051D5AAE1300A4D13F /* Frameworks */,
				B48F0C061D5AAE1300A4D13F /* Resources */,
			);
			buildRules = (
			);
			dependencies = (
			);
			name = "xf-snowflake";
			productName = "xf-snowflake";
			productReference = B48F0C081D5AAE1300A4D13F /* xf-snowflake.app */;
			productType = "com.apple.product-type.application";
		};
/* End PBXNativeTarget section */

/* Begin PBXProject section */
		B48F0C001D5AAE1300A4D13F /* Project object */ = {
			isa = PBXProject;
			attributes = {
				LastUpgradeCheck = 0730;
				ORGANIZATIONNAME = "朱晓峰";
				TargetAttributes = {
					B48F0C071D5AAE1300A4D13F = {
						CreatedOnToolsVersion = 7.3.1;
					};
				};
			};
			buildConfigurationList = B48F0C031D5AAE1300A4D13F /* Build configuration list for PBXProject "xf-snowflake" */;
			compatibilityVersion = "Xcode 3.2";
			developmentRegion = English;
			hasScannedForEncodings = 0;
			knownRegions = (
				en,
				Base,
			);
			mainGroup = B48F0BFF1D5AAE1200A4D13F;
			productRefGroup = B48F0C091D5AAE1300A4D13F /* Products */;
			projectDirPath = "";
			projectRoot = "";
			targets = (
				B48F0C071D5AAE1300A4D13F /* xf-snowflake */,
			);
		};
/* End PBXProject section */

/* Begin PBXResourcesBuildPhase section */
		B48F0C061D5AAE1300A4D13F /* Resources */ = {
			isa = PBXResourcesBuildPhase;
			buildActionMask = 2147483647;
			files = (
				B48F0C1B1D5AAE1300A4D13F /* LaunchScreen.storyboard in Resources */,
				B48F0C241D5AAE3A00A4D13F /* 1.jpg in Resources */,
				B48F0C251D5AAE3A00A4D13F /* 2.png in Resources */,
				B48F0C181D5AAE1300A4D13F /* Assets.xcassets in Resources */,
				B48F0C161D5AAE1300A4D13F /* Main.storyboard in Resources */,
			);
			runOnlyForDeploymentPostprocessing = 0;
		};
/* End PBXResourcesBuildPhase section */

/* Begin PBXSourcesBuildPhase section */
		B48F0C041D5AAE1300A4D13F /* Sources */ = {
			isa = PBXSourcesBuildPhase;
			buildActionMask = 2147483647;
			files = (
				B48F0C131D5AAE1300A4D13F /* ViewController.m in Sources */,
				B48F0C101D5AAE1300A4D13F /* AppDelegate.m in Sources */,
				B48F0C0D1D5AAE1300A4D13F /* main.m in Sources */,
			);
			runOnlyForDeploymentPostprocessing = 0;
		};
/* End PBXSourcesBuildPhase section */

/* Begin PBXVariantGroup section */
		B48F0C141D5AAE1300A4D13F /* Main.storyboard */ = {
			isa = PBXVariantGroup;
			children = (
				B48F0C151D5AAE1300A4D13F /* Base */,
			);
			name = Main.storyboard;
			sourceTree = "<group>";
		};
		B48F0C191D5AAE1300A4D13F /* LaunchScreen.storyboard */ = {
			isa = PBXVariantGroup;
			children = (
				B48F0C1A1D5AAE1300A4D13F /* Base */,
			);
			name = LaunchScreen.storyboard;
			sourceTree = "<group>";
		};
/* End PBXVariantGroup section */

/* Begin XCBuildConfiguration section */
		B48F0C1D1D5AAE1300A4D13F /* Debug */ = {
			isa = XCBuildConfiguration;
			buildSettings = {
				ALWAYS_SEARCH_USER_PATHS = NO;
				CLANG_ANALYZER_NONNULL = YES;
				CLANG_CXX_LANGUAGE_STANDARD = "gnu++0x";
				CLANG_CXX_LIBRARY = "libc++";
				CLANG_ENABLE_MODULES = YES;
				CLANG_ENABLE_OBJC_ARC = YES;
				CLANG_WARN_BOOL_CONVERSION = YES;
				CLANG_WARN_CONSTANT_CONVERSION = YES;
				CLANG_WARN_DIRECT_OBJC_ISA_USAGE = YES_ERROR;
				CLANG_WARN_EMPTY_BODY = YES;
				CLANG_WARN_ENUM_CONVERSION = YES;
				CLANG_WARN_INT_CONVERSION = YES;
				CLANG_WARN_OBJC_ROOT_CLASS = YES_ERROR;
				CLANG_WARN_UNREACHABLE_CODE = YES;
				CLANG_WARN__DUPLICATE_METHOD_MATCH = YES;
				"CODE_SIGN_IDENTITY[sdk=iphoneos*]" = "iPhone Developer";
				COPY_PHASE_STRIP = NO;
				DEBUG_INFORMATION_FORMAT = dwarf;
				ENABLE_STRICT_OBJC_MSGSEND = YES;
				ENABLE_TESTABILITY = YES;
				GCC_C_LANGUAGE_STANDARD = gnu99;
				GCC_DYNAMIC_NO_PIC = NO;
				GCC_NO_COMMON_BLOCKS = YES;
				GCC_OPTIMIZATION_LEVEL = 0;
				GCC_PREPROCESSOR_DEFINITIONS = (
					"DEBUG=1",
					"$(inherited)",
				);
				GCC_WARN_64_TO_32_BIT_CONVERSION = YES;
				GCC_WARN_ABOUT_RETURN_TYPE = YES_ERROR;
				GCC_WARN_UNDECLARED_SELECTOR = YES;
				GCC_WARN_UNINITIALIZED_AUTOS = YES_AGGRESSIVE;
				GCC_WARN_UNUSED_FUNCTION = YES;
				GCC_WARN_UNUSED_VARIABLE = YES;
				IPHONEOS_DEPLOYMENT_TARGET = 9.3;
				MTL_ENABLE_DEBUG_INFO = YES;
				ONLY_ACTIVE_ARCH = YES;
				SDKROOT = iphoneos;
			};
			name = Debug;
		};
		B48F0C1E1D5AAE1300A4D13F /* Release */ = {
			isa = XCBuildConfiguration;
			buildSettings = {
				ALWAYS_SEARCH_USER_PATHS = NO;
				CLANG_ANALYZER_NONNULL = YES;
				CLANG_CXX_LANGUAGE_STANDARD = "gnu++0x";
				CLANG_CXX_LIBRARY = "libc++";
				CLANG_ENABLE_MODULES = YES;
				CLANG_ENABLE_OBJC_ARC = YES;
				CLANG_WARN_BOOL_CONVERSION = YES;
				CLANG_WARN_CONSTANT_CONVERSION = YES;
				CLANG_WARN_DIRECT_OBJC_ISA_USAGE = YES_ERROR;
				CLANG_WARN_EMPTY_BODY = YES;
				CLANG_WARN_ENUM_CONVERSION = YES;
				CLANG_WARN_INT_CONVERSION = YES;
				CLANG_WARN_OBJC_ROOT_CLASS = YES_ERROR;
				CLANG_WARN_UNREACHABLE_CODE = YES;
				CLANG_WARN__DUPLICATE_METHOD_MATCH = YES;
				"CODE_SIGN_IDENTITY[sdk=iphoneos*]" = "iPhone Developer";
				COPY_PHASE_STRIP = NO;
				DEBUG_INFORMATION_FORMAT = "dwarf-with-dsym";
				ENABLE_NS_ASSERTIONS = NO;
				ENABLE_STRICT_OBJC_MSGSEND = YES;
				GCC_C_LANGUAGE_STANDARD = gnu99;
				GCC_NO_COMMON_BLOCKS = YES;
				GCC_WARN_64_TO_32_BIT_CONVERSION = YES;
				GCC_WARN_ABOUT_RETURN_TYPE = YES_ERROR;
				GCC_WARN_UNDECLARED_SELECTOR = YES;
				GCC_WARN_UNINITIALIZED_AUTOS = YES_AGGRESSIVE;
				GCC_WARN_UNUSED_FUNCTION = YES;
				GCC_WARN_UNUSED_VARIABLE = YES;
				IPHONEOS_DEPLOYMENT_TARGET = 9.3;
				MTL_ENABLE_DEBUG_INFO = NO;
				SDKROOT = iphoneos;
				VALIDATE_PRODUCT = YES;
			};
			name = Release;
		};
		B48F0C201D5AAE1300A4D13F /* Debug */ = {
			isa = XCBuildConfiguration;
			buildSettings = {
				ASSETCATALOG_COMPILER_APPICON_NAME = AppIcon;
				INFOPLIST_FILE = "xf-snowflake/Info.plist";
				LD_RUNPATH_SEARCH_PATHS = "$(inherited) @executable_path/Frameworks";
				PRODUCT_BUNDLE_IDENTIFIER = "zhuxiaofeng.xf-snowflake";
				PRODUCT_NAME = "$(TARGET_NAME)";
			};
			name = Debug;
		};
		B48F0C211D5AAE1300A4D13F /* Release */ = {
			isa = XCBuildConfiguration;
			buildSettings = {
				ASSETCATALOG_COMPILER_APPICON_NAME = AppIcon;
				INFOPLIST_FILE = "xf-snowflake/Info.plist";
				LD_RUNPATH_SEARCH_PATHS = "$(inherited) @executable_path/Frameworks";
				PRODUCT_BUNDLE_IDENTIFIER = "zhuxiaofeng.xf-snowflake";
				PRODUCT_NAME = "$(TARGET_NAME)";
			};
			name = Release;
		};
/* End XCBuildConfiguration section */

/* Begin XCConfigurationList section */
		B48F0C031D5AAE1300A4D13F /* Build configuration list for PBXProject "xf-snowflake" */ = {
			isa = XCConfigurationList;
			buildConfigurations = (
				B48F0C1D1D5AAE1300A4D13F /* Debug */,
				B48F0C1E1D5AAE1300A4D13F /* Release */,
			);
			defaultConfigurationIsVisible = 0;
			defaultConfigurationName = Release;
		};
		B48F0C1F1D5AAE1300A4D13F /* Build configuration list for PBXNativeTarget "xf-snowflake" */ = {
			isa = XCConfigurationList;
			buildConfigurations = (
				B48F0C201D5AAE1300A4D13F /* Debug */,
				B48F0C211D5AAE1300A4D13F /* Release */,
			);
			defaultConfigurationIsVisible = 0;
		};
/* End XCConfigurationList section */
	};
	rootObject = B48F0C001D5AAE1300A4D13F /* Project object */;
}
